
Microsoft Visual Studio Solution File, Format Version 12.00
# Visual Studio Version 17
VisualStudioVersion = 17.2.32616.157
MinimumVisualStudioVersion = 10.0.40219.1
Project("{FAE04EC0-301F-11D3-BF4B-00C04F79EFBC}") = "StatementEx", "StatementEx.csproj", "{258F15FE-D396-4D1A-8BF3-64988B988EB0}"
EndProject
Global
	GlobalSection(SolutionConfigurationPlatforms) = preSolution
		Debug|Any CPU = Debug|Any CPU
		Release|Any CPU = Release|Any CPU
	EndGlobalSection
	GlobalSection(ProjectConfigurationPlatforms) = postSolution
		{258F15FE-D396-4D1A-8BF3-64988B988EB0}.Debug|Any CPU.ActiveCfg = Debug|Any CPU
		{258F15FE-D396-4D1A-8BF3-64988B988EB0}.Debug|Any CPU.Build.0 = Debug|Any CPU
		{258F15FE-D396-4D1A-8BF3-64988B988EB0}.Release|Any CPU.ActiveCfg = Release|Any CPU
		{258F15FE-D396-4D1A-8BF3-64988B988EB0}.Release|Any CPU.Build.0 = Release|Any CPU
	EndGlobalSection
	GlobalSection(SolutionProperties) = preSolution
		HideSolutionNode = FALSE
	EndGlobalSection
	GlobalSection(ExtensibilityGlobals) = postSolution
		SolutionGuid = {7EBA8605-3782-4454-B210-FCEF46658D10}
	EndGlobalSection
EndGlobal
